
Microsoft Visual Studio Solution File, Format Version 12.00
# Visual Studio Version 16
VisualStudioVersion = 16.0.31105.61
MinimumVisualStudioVersion = 10.0.40219.1
Project("{FAE04EC0-301F-11D3-BF4B-00C04F79EFBC}") = "TrackerLibrary", "TrackerLibrary\TrackerLibrary.csproj", "{5F1174D1-7072-4585-806E-168EA606BAA0}"
EndProject
Project("{FAE04EC0-301F-11D3-BF4B-00C04F79EFBC}") = "TrackerUI", "TrackerUI\TrackerUI.csproj", "{227F54ED-179E-4921-8366-997C6CC73428}"
EndProject
Global
	GlobalSection(SolutionConfigurationPlatforms) = preSolution
		Debug|Any CPU = Debug|Any CPU
		Release|Any CPU = Release|Any CPU
	EndGlobalSection
	GlobalSection(ProjectConfigurationPlatforms) = postSolution
		{5F1174D1-7072-4585-806E-168EA606BAA0}.Debug|Any CPU.ActiveCfg = Debug|Any CPU
		{5F1174D1-7072-4585-806E-168EA606BAA0}.Debug|Any CPU.Build.0 = Debug|Any CPU
		{5F1174D1-7072-4585-806E-168EA606BAA0}.Release|Any CPU.ActiveCfg = Release|Any CPU
		{5F1174D1-7072-4585-806E-168EA606BAA0}.Release|Any CPU.Build.0 = Release|Any CPU
		{227F54ED-179E-4921-8366-997C6CC73428}.Debug|Any CPU.ActiveCfg = Debug|Any CPU
		{227F54ED-179E-4921-8366-997C6CC73428}.Debug|Any CPU.Build.0 = Debug|Any CPU
		{227F54ED-179E-4921-8366-997C6CC73428}.Release|Any CPU.ActiveCfg = Release|Any CPU
		{227F54ED-179E-4921-8366-997C6CC73428}.Release|Any CPU.Build.0 = Release|Any CPU
	EndGlobalSection
	GlobalSection(SolutionProperties) = preSolution
		HideSolutionNode = FALSE
	EndGlobalSection
	GlobalSection(ExtensibilityGlobals) = postSolution
		SolutionGuid = {B94014A4-4C04-485C-830C-37E5AD6AABAB}
	EndGlobalSection
EndGlobal
